
Microsoft Visual Studio Solution File, Format Version 12.00
# Visual Studio Version 16
VisualStudioVersion = 16.0.30204.135
MinimumVisualStudioVersion = 10.0.40219.1
Project("{FAE04EC0-301F-11D3-BF4B-00C04F79EFBC}") = "WINAPI", "WINAPI\WINAPI.csproj", "{8C847CFE-38BB-477F-83B4-DF727E62CCED}"
EndProject
Global
	GlobalSection(SolutionConfigurationPlatforms) = preSolution
		Debug|Any CPU = Debug|Any CPU
		Release|Any CPU = Release|Any CPU
	EndGlobalSection
	GlobalSection(ProjectConfigurationPlatforms) = postSolution
		{8C847CFE-38BB-477F-83B4-DF727E62CCED}.Debug|Any CPU.ActiveCfg = Debug|Any CPU
		{8C847CFE-38BB-477F-83B4-DF727E62CCED}.Debug|Any CPU.Build.0 = Debug|Any CPU
		{8C847CFE-38BB-477F-83B4-DF727E62CCED}.Release|Any CPU.ActiveCfg = Release|Any CPU
		{8C847CFE-38BB-477F-83B4-DF727E62CCED}.Release|Any CPU.Build.0 = Release|Any CPU
	EndGlobalSection
	GlobalSection(SolutionProperties) = preSolution
		HideSolutionNode = FALSE
	EndGlobalSection
	GlobalSection(ExtensibilityGlobals) = postSolution
		SolutionGuid = {6271561D-7EA3-4BFF-B907-E46BDA4B9596}
	EndGlobalSection
EndGlobal
